// !$*UTF8*$!
{
	archiveVersion = 1;
	classes = {
	};
	objectVersion = 46;
	objects = {

/* Begin PBXBuildFile section */
		D70996FF710197961EFB9DA9 /* main.m in Sources */ = {isa = PBXBuildFile; fileRef = D709943B905CA92A59DF7023 /* main.m */; };
		D7099EE6179C950C454D08EC /* Foundation.framework in Frameworks */ = {isa = PBXBuildFile; fileRef = D7099BB5B9FAECA9F7923F20 /* Foundation.framework */; };
/* End PBXBuildFile section */

/* Begin PBXCopyFilesBuildPhase section */
		D7099D1B172622F1037DB844 /* CopyFiles */ = {
			isa = PBXCopyFilesBuildPhase;
			buildActionMask = 2147483647;
			dstPath = /usr/share/man/man1/;
			dstSubfolderSpec = 0;
			files = (
			);
			runOnlyForDeploymentPostprocessing = 1;
		};
/* End PBXCopyFilesBuildPhase section */

/* Begin PBXFileReference section */
		D709943B905CA92A59DF7023 /* main.m */ = {isa = PBXFileReference; lastKnownFileType = sourcecode.c.objc; path = main.m; sourceTree = "<group>"; };
		D709963519FF246DD3A004C2 /* ch11 */ = {isa = PBXFileReference; explicitFileType = "compiled.mach-o.executable"; includeInIndex = 0; path = ch11; sourceTree = BUILT_PRODUCTS_DIR; };
		D7099A3AC675EBAAD65AECAE /* ch11.1 */ = {isa = PBXFileReference; lastKnownFileType = text.man; path = ch11.1; sourceTree = "<group>"; };
		D7099A6508EBE66609D6EA48 /* ch11-Prefix.pch */ = {isa = PBXFileReference; lastKnownFileType = sourcecode.c.h; path = "ch11-Prefix.pch"; sourceTree = "<group>"; };
		D7099BB5B9FAECA9F7923F20 /* Foundation.framework */ = {isa = PBXFileReference; lastKnownFileType = wrapper.framework; name = Foundation.framework; path = System/Library/Frameworks/Foundation.framework; sourceTree = SDKROOT; };
/* End PBXFileReference section */

/* Begin PBXFrameworksBuildPhase section */
		D7099A31D0D03BEEB2B7F23A /* Frameworks */ = {
			isa = PBXFrameworksBuildPhase;
			buildActionMask = 2147483647;
			files = (
				D7099EE6179C950C454D08EC /* Foundation.framework in Frameworks */,
			);
			runOnlyForDeploymentPostprocessing = 0;
		};
/* End PBXFrameworksBuildPhase section */

/* Begin PBXGroup section */
		D70990DDC5BE856EF2F2E013 = {
			isa = PBXGroup;
			children = (
				D70994C4B6B525FA9E1555AB /* Products */,
				D7099E8CCF78B7051AAE22F2 /* Frameworks */,
				D70998DF7D748F1F07C06471 /* ch11 */,
			);
			sourceTree = "<group>";
		};
		D70991DAE64134F14E69C4DB /* Supporting Files */ = {
			isa = PBXGroup;
			children = (
				D7099A6508EBE66609D6EA48 /* ch11-Prefix.pch */,
			);
			name = "Supporting Files";
			sourceTree = "<group>";
		};
		D70994C4B6B525FA9E1555AB /* Products */ = {
			isa = PBXGroup;
			children = (
				D709963519FF246DD3A004C2 /* ch11 */,
			);
			name = Products;
			sourceTree = "<group>";
		};
		D70998DF7D748F1F07C06471 /* ch11 */ = {
			isa = PBXGroup;
			children = (
				D709943B905CA92A59DF7023 /* main.m */,
				D70991DAE64134F14E69C4DB /* Supporting Files */,
				D7099A3AC675EBAAD65AECAE /* ch11.1 */,
			);
			path = ch11;
			sourceTree = "<group>";
		};
		D7099E8CCF78B7051AAE22F2 /* Frameworks */ = {
			isa = PBXGroup;
			children = (
				D7099BB5B9FAECA9F7923F20 /* Foundation.framework */,
			);
			name = Frameworks;
			sourceTree = "<group>";
		};
/* End PBXGroup section */

/* Begin PBXNativeTarget section */
		D7099FFC4A2D448A09234EFC /* ch11 */ = {
			isa = PBXNativeTarget;
			buildConfigurationList = D7099FADE1F7ACF60B58426A /* Build configuration list for PBXNativeTarget "ch11" */;
			buildPhases = (
				D709956CE3015CF41B9FF22D /* Sources */,
				D7099A31D0D03BEEB2B7F23A /* Frameworks */,
				D7099D1B172622F1037DB844 /* CopyFiles */,
			);
			buildRules = (
			);
			dependencies = (
			);
			name = ch11;
			productName = ch11;
			productReference = D709963519FF246DD3A004C2 /* ch11 */;
			productType = "com.apple.product-type.tool";
		};
/* End PBXNativeTarget section */

/* Begin PBXProject section */
		D7099A71170C80B3EDCAA491 /* Project object */ = {
			isa = PBXProject;
			attributes = {
				ORGANIZATIONNAME = "___peichao___";
			};
			buildConfigurationList = D7099E9D5B8EB9ECDB8323B1 /* Build configuration list for PBXProject "ch11" */;
			compatibilityVersion = "Xcode 3.2";
			developmentRegion = English;
			hasScannedForEncodings = 0;
			knownRegions = (
				en,
			);
			mainGroup = D70990DDC5BE856EF2F2E013;
			productRefGroup = D70994C4B6B525FA9E1555AB /* Products */;
			projectDirPath = "";
			projectRoot = "";
			targets = (
				D7099FFC4A2D448A09234EFC /* ch11 */,
			);
		};
/* End PBXProject section */

/* Begin PBXSourcesBuildPhase section */
		D709956CE3015CF41B9FF22D /* Sources */ = {
			isa = PBXSourcesBuildPhase;
			buildActionMask = 2147483647;
			files = (
				D70996FF710197961EFB9DA9 /* main.m in Sources */,
			);
			runOnlyForDeploymentPostprocessing = 0;
		};
/* End PBXSourcesBuildPhase section */

/* Begin XCBuildConfiguration section */
		D709907F3443355D0EFB037C /* Debug */ = {
			isa = XCBuildConfiguration;
			buildSettings = {
				ALWAYS_SEARCH_USER_PATHS = NO;
				ARCHS = "$(ARCHS_STANDARD_64_BIT)";
				CLANG_CXX_LANGUAGE_STANDARD = "gnu++0x";
				CLANG_CXX_LIBRARY = "libc++";
				CLANG_WARN_CONSTANT_CONVERSION = YES;
				CLANG_WARN_EMPTY_BODY = YES;
				CLANG_WARN_ENUM_CONVERSION = YES;
				CLANG_WARN_INT_CONVERSION = YES;
				CLANG_WARN__DUPLICATE_METHOD_MATCH = YES;
				COPY_PHASE_STRIP = NO;
				GCC_C_LANGUAGE_STANDARD = gnu99;
				GCC_DYNAMIC_NO_PIC = NO;
				GCC_ENABLE_OBJC_EXCEPTIONS = YES;
				GCC_OPTIMIZATION_LEVEL = 0;
				GCC_PREPROCESSOR_DEFINITIONS = (
					"DEBUG=1",
					"$(inherited)",
				);
				GCC_SYMBOLS_PRIVATE_EXTERN = NO;
				GCC_WARN_64_TO_32_BIT_CONVERSION = YES;
				GCC_WARN_ABOUT_RETURN_TYPE = YES;
				GCC_WARN_UNINITIALIZED_AUTOS = YES;
				GCC_WARN_UNUSED_VARIABLE = YES;
				MACOSX_DEPLOYMENT_TARGET = 10.8;
				ONLY_ACTIVE_ARCH = YES;
				SDKROOT = macosx;
			};
			name = Debug;
		};
		D7099748872DA98C2E5B9421 /* Release */ = {
			isa = XCBuildConfiguration;
			buildSettings = {
				ALWAYS_SEARCH_USER_PATHS = NO;
				ARCHS = "$(ARCHS_STANDARD_64_BIT)";
				CLANG_CXX_LANGUAGE_STANDARD = "gnu++0x";
				CLANG_CXX_LIBRARY = "libc++";
				CLANG_WARN_CONSTANT_CONVERSION = YES;
				CLANG_WARN_EMPTY_BODY = YES;
				CLANG_WARN_ENUM_CONVERSION = YES;
				CLANG_WARN_INT_CONVERSION = YES;
				CLANG_WARN__DUPLICATE_METHOD_MATCH = YES;
				COPY_PHASE_STRIP = YES;
				DEBUG_INFORMATION_FORMAT = "dwarf-with-dsym";
				GCC_C_LANGUAGE_STANDARD = gnu99;
				GCC_ENABLE_OBJC_EXCEPTIONS = YES;
				GCC_WARN_64_TO_32_BIT_CONVERSION = YES;
				GCC_WARN_ABOUT_RETURN_TYPE = YES;
				GCC_WARN_UNINITIALIZED_AUTOS = YES;
				GCC_WARN_UNUSED_VARIABLE = YES;
				MACOSX_DEPLOYMENT_TARGET = 10.8;
				SDKROOT = macosx;
			};
			name = Release;
		};
		D7099A8C83969820114FF4E5 /* Debug */ = {
			isa = XCBuildConfiguration;
			buildSettings = {
				GCC_PRECOMPILE_PREFIX_HEADER = YES;
				GCC_PREFIX_HEADER = "ch11/ch11-Prefix.pch";
				PRODUCT_NAME = "$(TARGET_NAME)";
			};
			name = Debug;
		};
		D7099C5A129B4289522FE28B /* Release */ = {
			isa = XCBuildConfiguration;
			buildSettings = {
				GCC_PRECOMPILE_PREFIX_HEADER = YES;
				GCC_PREFIX_HEADER = "ch11/ch11-Prefix.pch";
				PRODUCT_NAME = "$(TARGET_NAME)";
			};
			name = Release;
		};
/* End XCBuildConfiguration section */

/* Begin XCConfigurationList section */
		D7099E9D5B8EB9ECDB8323B1 /* Build configuration list for PBXProject "ch11" */ = {
			isa = XCConfigurationList;
			buildConfigurations = (
				D7099748872DA98C2E5B9421 /* Release */,
				D709907F3443355D0EFB037C /* Debug */,
			);
			defaultConfigurationIsVisible = 0;
			defaultConfigurationName = Release;
		};
		D7099FADE1F7ACF60B58426A /* Build configuration list for PBXNativeTarget "ch11" */ = {
			isa = XCConfigurationList;
			buildConfigurations = (
				D7099C5A129B4289522FE28B /* Release */,
				D7099A8C83969820114FF4E5 /* Debug */,
			);
			defaultConfigurationIsVisible = 0;
		};
/* End XCConfigurationList section */
	};
	rootObject = D7099A71170C80B3EDCAA491 /* Project object */;
}
